
Microsoft Visual Studio Solution File, Format Version 12.00
# Visual Studio 15
VisualStudioVersion = 15.0.28307.757
MinimumVisualStudioVersion = 10.0.40219.1
Project("{2150E333-8FDC-42A3-9474-1A3956D46DE8}") = "1 - Camada de Apresentação", "1 - Camada de Apresentação", "{2D54AEC7-840F-4B8A-9596-68EBFFA232B7}"
EndProject
Project("{2150E333-8FDC-42A3-9474-1A3956D46DE8}") = "2 - Camada de Acesso a dados", "2 - Camada de Acesso a dados", "{64F6B364-504F-472C-844D-92C44964B9C2}"
EndProject
Project("{FAE04EC0-301F-11D3-BF4B-00C04F79EFBC}") = "Projeto.WEB", "Projeto.WEB\Projeto.WEB.csproj", "{0A9BBD4C-703A-4BF7-A5C8-9DFE35DFED9B}"
EndProject
Project("{FAE04EC0-301F-11D3-BF4B-00C04F79EFBC}") = "Projeto.DAL", "Projeto.DAL\Projeto.DAL.csproj", "{78A71172-4A01-4A15-B624-BDC81211C2C7}"
EndProject
Global
	GlobalSection(SolutionConfigurationPlatforms) = preSolution
		Debug|Any CPU = Debug|Any CPU
		Release|Any CPU = Release|Any CPU
	EndGlobalSection
	GlobalSection(ProjectConfigurationPlatforms) = postSolution
		{0A9BBD4C-703A-4BF7-A5C8-9DFE35DFED9B}.Debug|Any CPU.ActiveCfg = Debug|Any CPU
		{0A9BBD4C-703A-4BF7-A5C8-9DFE35DFED9B}.Debug|Any CPU.Build.0 = Debug|Any CPU
		{0A9BBD4C-703A-4BF7-A5C8-9DFE35DFED9B}.Release|Any CPU.ActiveCfg = Release|Any CPU
		{0A9BBD4C-703A-4BF7-A5C8-9DFE35DFED9B}.Release|Any CPU.Build.0 = Release|Any CPU
		{78A71172-4A01-4A15-B624-BDC81211C2C7}.Debug|Any CPU.ActiveCfg = Debug|Any CPU
		{78A71172-4A01-4A15-B624-BDC81211C2C7}.Debug|Any CPU.Build.0 = Debug|Any CPU
		{78A71172-4A01-4A15-B624-BDC81211C2C7}.Release|Any CPU.ActiveCfg = Release|Any CPU
		{78A71172-4A01-4A15-B624-BDC81211C2C7}.Release|Any CPU.Build.0 = Release|Any CPU
	EndGlobalSection
	GlobalSection(SolutionProperties) = preSolution
		HideSolutionNode = FALSE
	EndGlobalSection
	GlobalSection(NestedProjects) = preSolution
		{0A9BBD4C-703A-4BF7-A5C8-9DFE35DFED9B} = {2D54AEC7-840F-4B8A-9596-68EBFFA232B7}
		{78A71172-4A01-4A15-B624-BDC81211C2C7} = {64F6B364-504F-472C-844D-92C44964B9C2}
	EndGlobalSection
	GlobalSection(ExtensibilityGlobals) = postSolution
		SolutionGuid = {BC626F51-5B7E-4317-92D7-574050FDF93F}
	EndGlobalSection
EndGlobal
