
Microsoft Visual Studio Solution File, Format Version 12.00
# Visual Studio 15
VisualStudioVersion = 15.0.28307.757
MinimumVisualStudioVersion = 10.0.40219.1
Project("{2150E333-8FDC-42A3-9474-1A3956D46DE8}") = "1 - Camada Apresentacao", "1 - Camada Apresentacao", "{A6521F13-FD08-4667-8E29-38750D715460}"
EndProject
Project("{2150E333-8FDC-42A3-9474-1A3956D46DE8}") = "2 - Camada Acesso a Dados", "2 - Camada Acesso a Dados", "{6DEC6E37-74AB-4C54-930B-B1EA145BF52E}"
EndProject
Project("{FAE04EC0-301F-11D3-BF4B-00C04F79EFBC}") = "Projeto.WEB", "Projeto.WEB\Projeto.WEB.csproj", "{D0BAC241-1C22-4F27-BF86-B075802827A4}"
EndProject
Project("{FAE04EC0-301F-11D3-BF4B-00C04F79EFBC}") = "Projeto.DAL", "Projeto.DAL\Projeto.DAL.csproj", "{15A73D9B-9089-45B4-AAB8-56784BBCE919}"
EndProject
Global
	GlobalSection(SolutionConfigurationPlatforms) = preSolution
		Debug|Any CPU = Debug|Any CPU
		Release|Any CPU = Release|Any CPU
	EndGlobalSection
	GlobalSection(ProjectConfigurationPlatforms) = postSolution
		{D0BAC241-1C22-4F27-BF86-B075802827A4}.Debug|Any CPU.ActiveCfg = Debug|Any CPU
		{D0BAC241-1C22-4F27-BF86-B075802827A4}.Debug|Any CPU.Build.0 = Debug|Any CPU
		{D0BAC241-1C22-4F27-BF86-B075802827A4}.Release|Any CPU.ActiveCfg = Release|Any CPU
		{D0BAC241-1C22-4F27-BF86-B075802827A4}.Release|Any CPU.Build.0 = Release|Any CPU
		{15A73D9B-9089-45B4-AAB8-56784BBCE919}.Debug|Any CPU.ActiveCfg = Debug|Any CPU
		{15A73D9B-9089-45B4-AAB8-56784BBCE919}.Debug|Any CPU.Build.0 = Debug|Any CPU
		{15A73D9B-9089-45B4-AAB8-56784BBCE919}.Release|Any CPU.ActiveCfg = Release|Any CPU
		{15A73D9B-9089-45B4-AAB8-56784BBCE919}.Release|Any CPU.Build.0 = Release|Any CPU
	EndGlobalSection
	GlobalSection(SolutionProperties) = preSolution
		HideSolutionNode = FALSE
	EndGlobalSection
	GlobalSection(NestedProjects) = preSolution
		{D0BAC241-1C22-4F27-BF86-B075802827A4} = {A6521F13-FD08-4667-8E29-38750D715460}
		{15A73D9B-9089-45B4-AAB8-56784BBCE919} = {6DEC6E37-74AB-4C54-930B-B1EA145BF52E}
	EndGlobalSection
	GlobalSection(ExtensibilityGlobals) = postSolution
		SolutionGuid = {599A4C61-04F4-4F4A-81D3-C339FBF2D07A}
	EndGlobalSection
EndGlobal
